
Microsoft Visual Studio Solution File, Format Version 12.00
# Visual Studio Version 16
VisualStudioVersion = 16.0.31005.135
MinimumVisualStudioVersion = 10.0.40219.1
Project("{9A19103F-16F7-4668-BE54-9A1E7A4F7556}") = "AwesomeSoft.Meet", "AwesomeSoft.Meet\AwesomeSoft.Meet.csproj", "{D73D1BD6-E8DA-4CBA-BC8F-93E3C6277F80}"
EndProject
Project("{FAE04EC0-301F-11D3-BF4B-00C04F79EFBC}") = "AwesomeSoft.Meet.Test", "AwesomeSoft.Meet.Test\AwesomeSoft.Meet.Test.csproj", "{10D66D0A-B893-4398-A487-D6A8CE396B55}"
EndProject
Global
	GlobalSection(SolutionConfigurationPlatforms) = preSolution
		Debug|Any CPU = Debug|Any CPU
		Release|Any CPU = Release|Any CPU
	EndGlobalSection
	GlobalSection(ProjectConfigurationPlatforms) = postSolution
		{D73D1BD6-E8DA-4CBA-BC8F-93E3C6277F80}.Debug|Any CPU.ActiveCfg = Debug|Any CPU
		{D73D1BD6-E8DA-4CBA-BC8F-93E3C6277F80}.Debug|Any CPU.Build.0 = Debug|Any CPU
		{D73D1BD6-E8DA-4CBA-BC8F-93E3C6277F80}.Release|Any CPU.ActiveCfg = Release|Any CPU
		{D73D1BD6-E8DA-4CBA-BC8F-93E3C6277F80}.Release|Any CPU.Build.0 = Release|Any CPU
		{10D66D0A-B893-4398-A487-D6A8CE396B55}.Debug|Any CPU.ActiveCfg = Debug|Any CPU
		{10D66D0A-B893-4398-A487-D6A8CE396B55}.Debug|Any CPU.Build.0 = Debug|Any CPU
		{10D66D0A-B893-4398-A487-D6A8CE396B55}.Release|Any CPU.ActiveCfg = Release|Any CPU
		{10D66D0A-B893-4398-A487-D6A8CE396B55}.Release|Any CPU.Build.0 = Release|Any CPU
	EndGlobalSection
	GlobalSection(SolutionProperties) = preSolution
		HideSolutionNode = FALSE
	EndGlobalSection
	GlobalSection(ExtensibilityGlobals) = postSolution
		SolutionGuid = {0E80CB54-493D-4816-88BB-C1E9787FB017}
	EndGlobalSection
EndGlobal
